
Microsoft Visual Studio Solution File, Format Version 12.00
# Visual Studio Version 16
VisualStudioVersion = 16.0.30709.132
MinimumVisualStudioVersion = 10.0.40219.1
Project("{8BC9CEB8-8B4A-11D0-8D11-00A0C91BC942}") = "ConsoleApplication2", "ConsoleApplication2\ConsoleApplication2.vcxproj", "{FCE29420-31C0-4965-9C49-6448B6D86660}"
EndProject
Project("{8BC9CEB8-8B4A-11D0-8D11-00A0C91BC942}") = "Unittestas", "Unittestas\Unittestas.vcxproj", "{03CCE74B-2CF8-43E0-8640-0DE967203675}"
EndProject
Global
	GlobalSection(SolutionConfigurationPlatforms) = preSolution
		Debug|x64 = Debug|x64
		Debug|x86 = Debug|x86
		Release|x64 = Release|x64
		Release|x86 = Release|x86
	EndGlobalSection
	GlobalSection(ProjectConfigurationPlatforms) = postSolution
		{FCE29420-31C0-4965-9C49-6448B6D86660}.Debug|x64.ActiveCfg = Debug|x64
		{FCE29420-31C0-4965-9C49-6448B6D86660}.Debug|x64.Build.0 = Debug|x64
		{FCE29420-31C0-4965-9C49-6448B6D86660}.Debug|x86.ActiveCfg = Debug|Win32
		{FCE29420-31C0-4965-9C49-6448B6D86660}.Debug|x86.Build.0 = Debug|Win32
		{FCE29420-31C0-4965-9C49-6448B6D86660}.Release|x64.ActiveCfg = Release|x64
		{FCE29420-31C0-4965-9C49-6448B6D86660}.Release|x64.Build.0 = Release|x64
		{FCE29420-31C0-4965-9C49-6448B6D86660}.Release|x86.ActiveCfg = Release|Win32
		{FCE29420-31C0-4965-9C49-6448B6D86660}.Release|x86.Build.0 = Release|Win32
		{03CCE74B-2CF8-43E0-8640-0DE967203675}.Debug|x64.ActiveCfg = Debug|x64
		{03CCE74B-2CF8-43E0-8640-0DE967203675}.Debug|x64.Build.0 = Debug|x64
		{03CCE74B-2CF8-43E0-8640-0DE967203675}.Debug|x86.ActiveCfg = Debug|Win32
		{03CCE74B-2CF8-43E0-8640-0DE967203675}.Debug|x86.Build.0 = Debug|Win32
		{03CCE74B-2CF8-43E0-8640-0DE967203675}.Release|x64.ActiveCfg = Release|x64
		{03CCE74B-2CF8-43E0-8640-0DE967203675}.Release|x64.Build.0 = Release|x64
		{03CCE74B-2CF8-43E0-8640-0DE967203675}.Release|x86.ActiveCfg = Release|Win32
		{03CCE74B-2CF8-43E0-8640-0DE967203675}.Release|x86.Build.0 = Release|Win32
	EndGlobalSection
	GlobalSection(SolutionProperties) = preSolution
		HideSolutionNode = FALSE
	EndGlobalSection
	GlobalSection(ExtensibilityGlobals) = postSolution
		SolutionGuid = {1346A449-6A27-47AA-BA6D-39C6CFCC60CD}
	EndGlobalSection
EndGlobal
